{
  "name": "Reservas",
  "lockfileVersion": 2,
  "requires": true,
  "packages": {
    "": {
      "dependencies": {
        "colombian-holidays": "^1.7.7"
      }
    },
    "node_modules/colombian-holidays": {
      "version": "1.7.7",
      "resolved": "https://registry.npmjs.org/colombian-holidays/-/colombian-holidays-1.7.7.tgz",
      "integrity": "sha512-RGTIXH5GYCX5QigWM+1xHV2prQ5D9Y4SU2bYUWaJALZffSPvMDJNNkulshVZR8FAyWxQ5KWcITuZQiOu6aMhOw==",
      "hasInstallScript": true,
      "dependencies": {
        "pascua": "^2.1.5"
      }
    },
    "node_modules/pascua": {
      "version": "2.1.6",
      "resolved": "https://registry.npmjs.org/pascua/-/pascua-2.1.6.tgz",
      "integrity": "sha512-+Lybe1wBBzSeHUfS2pTL5XFs4j8mEV29xnr0FIjvPONc0PDDK8XTPyPjdlfinCHWKOrIlcIEZicItLwqJp6tuQ==",
      "hasInstallScript": true
    }
  },
  "dependencies": {
    "colombian-holidays": {
      "version": "1.7.7",
      "resolved": "https://registry.npmjs.org/colombian-holidays/-/colombian-holidays-1.7.7.tgz",
      "integrity": "sha512-RGTIXH5GYCX5QigWM+1xHV2prQ5D9Y4SU2bYUWaJALZffSPvMDJNNkulshVZR8FAyWxQ5KWcITuZQiOu6aMhOw==",
      "requires": {
        "pascua": "^2.1.5"
      }
    },
    "pascua": {
      "version": "2.1.6",
      "resolved": "https://registry.npmjs.org/pascua/-/pascua-2.1.6.tgz",
      "integrity": "sha512-+Lybe1wBBzSeHUfS2pTL5XFs4j8mEV29xnr0FIjvPONc0PDDK8XTPyPjdlfinCHWKOrIlcIEZicItLwqJp6tuQ=="
    }
  }
}
